
Microsoft Visual Studio Solution File, Format Version 12.00
# Visual Studio Version 17
VisualStudioVersion = 17.10.35013.160
MinimumVisualStudioVersion = 10.0.40219.1
Project("{FAE04EC0-301F-11D3-BF4B-00C04F79EFBC}") = "Loans", "Loans.csproj", "{0BDF18D2-5A8C-44CE-AFF8-5E7D656E261C}"
EndProject
Project("{FAE04EC0-301F-11D3-BF4B-00C04F79EFBC}") = "Loans.Tests", "..\Loans.Tests\Loans.Tests.csproj", "{94456CE7-2833-4C69-B9F8-72BAD60BF3BC}"
EndProject
Global
	GlobalSection(SolutionConfigurationPlatforms) = preSolution
		Debug|Any CPU = Debug|Any CPU
		Release|Any CPU = Release|Any CPU
	EndGlobalSection
	GlobalSection(ProjectConfigurationPlatforms) = postSolution
		{0BDF18D2-5A8C-44CE-AFF8-5E7D656E261C}.Debug|Any CPU.ActiveCfg = Debug|Any CPU
		{0BDF18D2-5A8C-44CE-AFF8-5E7D656E261C}.Debug|Any CPU.Build.0 = Debug|Any CPU
		{0BDF18D2-5A8C-44CE-AFF8-5E7D656E261C}.Release|Any CPU.ActiveCfg = Release|Any CPU
		{0BDF18D2-5A8C-44CE-AFF8-5E7D656E261C}.Release|Any CPU.Build.0 = Release|Any CPU
		{94456CE7-2833-4C69-B9F8-72BAD60BF3BC}.Debug|Any CPU.ActiveCfg = Debug|Any CPU
		{94456CE7-2833-4C69-B9F8-72BAD60BF3BC}.Debug|Any CPU.Build.0 = Debug|Any CPU
		{94456CE7-2833-4C69-B9F8-72BAD60BF3BC}.Release|Any CPU.ActiveCfg = Release|Any CPU
		{94456CE7-2833-4C69-B9F8-72BAD60BF3BC}.Release|Any CPU.Build.0 = Release|Any CPU
	EndGlobalSection
	GlobalSection(SolutionProperties) = preSolution
		HideSolutionNode = FALSE
	EndGlobalSection
	GlobalSection(ExtensibilityGlobals) = postSolution
		SolutionGuid = {AC7B9A6A-49AE-4FD7-BAD1-9ED79A5D2217}
	EndGlobalSection
EndGlobal
